
Microsoft Visual Studio Solution File, Format Version 12.00
# Visual Studio Version 17
VisualStudioVersion = 17.7.34031.279
MinimumVisualStudioVersion = 10.0.40219.1
Project("{FAE04EC0-301F-11D3-BF4B-00C04F79EFBC}") = "CGI - Advent of Code", "CGI - Advent of Code\CGI - Advent of Code.csproj", "{EE9E8777-A3A9-4AAE-BC62-542135D636B1}"
EndProject
Global
	GlobalSection(SolutionConfigurationPlatforms) = preSolution
		Debug|Any CPU = Debug|Any CPU
		Release|Any CPU = Release|Any CPU
	EndGlobalSection
	GlobalSection(ProjectConfigurationPlatforms) = postSolution
		{EE9E8777-A3A9-4AAE-BC62-542135D636B1}.Debug|Any CPU.ActiveCfg = Debug|Any CPU
		{EE9E8777-A3A9-4AAE-BC62-542135D636B1}.Debug|Any CPU.Build.0 = Debug|Any CPU
		{EE9E8777-A3A9-4AAE-BC62-542135D636B1}.Release|Any CPU.ActiveCfg = Release|Any CPU
		{EE9E8777-A3A9-4AAE-BC62-542135D636B1}.Release|Any CPU.Build.0 = Release|Any CPU
	EndGlobalSection
	GlobalSection(SolutionProperties) = preSolution
		HideSolutionNode = FALSE
	EndGlobalSection
	GlobalSection(ExtensibilityGlobals) = postSolution
		SolutionGuid = {A43FEEDF-E86D-47D0-8271-5EDB3D918066}
	EndGlobalSection
EndGlobal
